
Microsoft Visual Studio Solution File, Format Version 10.00
# Visual Studio 2008
Project("{FAE04EC0-301F-11D3-BF4B-00C04F79EFBC}") = "Drag and Drop", "Drag and Drop\Drag and Drop.csproj", "{A36787D5-B58D-4DE8-995D-1354E79615D4}"
EndProject
Global
	GlobalSection(SolutionConfigurationPlatforms) = preSolution
		Debug|Any CPU = Debug|Any CPU
		Release|Any CPU = Release|Any CPU
	EndGlobalSection
	GlobalSection(ProjectConfigurationPlatforms) = postSolution
		{A36787D5-B58D-4DE8-995D-1354E79615D4}.Debug|Any CPU.ActiveCfg = Debug|Any CPU
		{A36787D5-B58D-4DE8-995D-1354E79615D4}.Debug|Any CPU.Build.0 = Debug|Any CPU
		{A36787D5-B58D-4DE8-995D-1354E79615D4}.Release|Any CPU.ActiveCfg = Release|Any CPU
		{A36787D5-B58D-4DE8-995D-1354E79615D4}.Release|Any CPU.Build.0 = Release|Any CPU
	EndGlobalSection
	GlobalSection(SolutionProperties) = preSolution
		HideSolutionNode = FALSE
	EndGlobalSection
EndGlobal
